
Microsoft Visual Studio Solution File, Format Version 12.00
# Visual Studio Version 16
VisualStudioVersion = 16.0.30225.117
MinimumVisualStudioVersion = 10.0.40219.1
Project("{FAE04EC0-301F-11D3-BF4B-00C04F79EFBC}") = "SoftwareCadastroCliente", "SoftwareCadastroCliente\SoftwareCadastroCliente.csproj", "{2254D491-07E6-4769-9EE2-71AD55FB1CA0}"
EndProject
Project("{FAE04EC0-301F-11D3-BF4B-00C04F79EFBC}") = "Negócios", "Negócios\Negócios.csproj", "{BA1EF7E3-2DF0-470A-AB27-A8BF673B2DD7}"
EndProject
Global
	GlobalSection(SolutionConfigurationPlatforms) = preSolution
		Debug|Any CPU = Debug|Any CPU
		Release|Any CPU = Release|Any CPU
	EndGlobalSection
	GlobalSection(ProjectConfigurationPlatforms) = postSolution
		{2254D491-07E6-4769-9EE2-71AD55FB1CA0}.Debug|Any CPU.ActiveCfg = Debug|Any CPU
		{2254D491-07E6-4769-9EE2-71AD55FB1CA0}.Debug|Any CPU.Build.0 = Debug|Any CPU
		{2254D491-07E6-4769-9EE2-71AD55FB1CA0}.Release|Any CPU.ActiveCfg = Release|Any CPU
		{2254D491-07E6-4769-9EE2-71AD55FB1CA0}.Release|Any CPU.Build.0 = Release|Any CPU
		{BA1EF7E3-2DF0-470A-AB27-A8BF673B2DD7}.Debug|Any CPU.ActiveCfg = Debug|Any CPU
		{BA1EF7E3-2DF0-470A-AB27-A8BF673B2DD7}.Debug|Any CPU.Build.0 = Debug|Any CPU
		{BA1EF7E3-2DF0-470A-AB27-A8BF673B2DD7}.Release|Any CPU.ActiveCfg = Release|Any CPU
		{BA1EF7E3-2DF0-470A-AB27-A8BF673B2DD7}.Release|Any CPU.Build.0 = Release|Any CPU
	EndGlobalSection
	GlobalSection(SolutionProperties) = preSolution
		HideSolutionNode = FALSE
	EndGlobalSection
	GlobalSection(ExtensibilityGlobals) = postSolution
		SolutionGuid = {92DA983F-149F-48B8-A57F-9282BC1DCA23}
	EndGlobalSection
EndGlobal
